
Microsoft Visual Studio Solution File, Format Version 12.00
# Visual Studio 15
VisualStudioVersion = 15.0.28307.572
MinimumVisualStudioVersion = 10.0.40219.1
Project("{FAE04EC0-301F-11D3-BF4B-00C04F79EFBC}") = "RangeTask", "RangeTask\RangeTask.csproj", "{C271D37A-DE63-45C1-A558-3A2DB23D9BE4}"
EndProject
Project("{FAE04EC0-301F-11D3-BF4B-00C04F79EFBC}") = "ShapeTask", "ShapeTask\ShapeTask.csproj", "{C88555B3-2E4A-4914-880C-7EF53A76124B}"
EndProject
Project("{2150E333-8FDC-42A3-9474-1A3956D46DE8}") = "ArrayListHome", "ArrayListHome", "{2E05DA95-AAFC-4BB2-A480-80C13E790A12}"
EndProject
Project("{FAE04EC0-301F-11D3-BF4B-00C04F79EFBC}") = "VectorTask", "VectorTask\VectorTask.csproj", "{911936A8-F6B6-4DE5-BE07-1635AE550121}"
EndProject
Project("{FAE04EC0-301F-11D3-BF4B-00C04F79EFBC}") = "ArrayListHome1", "ArrayListHome1\ArrayListHome1.csproj", "{9AB812A6-93BE-42B4-A7C1-F97B0144D918}"
EndProject
Project("{FAE04EC0-301F-11D3-BF4B-00C04F79EFBC}") = "ArrayListHome2", "ArrayListHome2\ArrayListHome2.csproj", "{99DAFFB3-9C0F-4D33-B0BF-0016AF5858A7}"
EndProject
Project("{FAE04EC0-301F-11D3-BF4B-00C04F79EFBC}") = "ArrayListHome3", "ArrayListHome3\ArrayListHome3.csproj", "{79A537EE-7CAA-4ED8-B441-E1043F63DDE7}"
EndProject
Project("{FAE04EC0-301F-11D3-BF4B-00C04F79EFBC}") = "ListTask", "ListTask\ListTask.csproj", "{233BCF9A-F505-4B6F-8EF6-E4F553A5DE28}"
EndProject
Project("{FAE04EC0-301F-11D3-BF4B-00C04F79EFBC}") = "HashTableTask", "HashTableTask\HashTableTask.csproj", "{94EC5C1A-22E5-410B-9E5D-61ACCA19348F}"
EndProject
Project("{FAE04EC0-301F-11D3-BF4B-00C04F79EFBC}") = "ArrayListTask", "ArrayListTask\ArrayListTask.csproj", "{73F18215-757C-468E-93B6-A22F422F91BC}"
EndProject
Project("{FAE04EC0-301F-11D3-BF4B-00C04F79EFBC}") = "LambdaTask", "LambdaTask\LambdaTask.csproj", "{D401BDEF-2CC0-46ED-A5AD-EAC67476B916}"
EndProject
Project("{2150E333-8FDC-42A3-9474-1A3956D46DE8}") = "Minesweeper", "Minesweeper", "{2F92237F-505B-4FDD-BBF9-B3E103019A34}"
EndProject
Project("{FAE04EC0-301F-11D3-BF4B-00C04F79EFBC}") = "MinesweeperTask", "MinesweeperTask\MinesweeperTask.csproj", "{38BEC1E8-1FEE-4D6B-98A6-544A7177B1D9}"
EndProject
Global
	GlobalSection(SolutionConfigurationPlatforms) = preSolution
		Debug|Any CPU = Debug|Any CPU
		Release|Any CPU = Release|Any CPU
	EndGlobalSection
	GlobalSection(ProjectConfigurationPlatforms) = postSolution
		{C271D37A-DE63-45C1-A558-3A2DB23D9BE4}.Debug|Any CPU.ActiveCfg = Debug|Any CPU
		{C271D37A-DE63-45C1-A558-3A2DB23D9BE4}.Debug|Any CPU.Build.0 = Debug|Any CPU
		{C271D37A-DE63-45C1-A558-3A2DB23D9BE4}.Release|Any CPU.ActiveCfg = Release|Any CPU
		{C271D37A-DE63-45C1-A558-3A2DB23D9BE4}.Release|Any CPU.Build.0 = Release|Any CPU
		{C88555B3-2E4A-4914-880C-7EF53A76124B}.Debug|Any CPU.ActiveCfg = Debug|Any CPU
		{C88555B3-2E4A-4914-880C-7EF53A76124B}.Debug|Any CPU.Build.0 = Debug|Any CPU
		{C88555B3-2E4A-4914-880C-7EF53A76124B}.Release|Any CPU.ActiveCfg = Release|Any CPU
		{C88555B3-2E4A-4914-880C-7EF53A76124B}.Release|Any CPU.Build.0 = Release|Any CPU
		{911936A8-F6B6-4DE5-BE07-1635AE550121}.Debug|Any CPU.ActiveCfg = Debug|Any CPU
		{911936A8-F6B6-4DE5-BE07-1635AE550121}.Debug|Any CPU.Build.0 = Debug|Any CPU
		{911936A8-F6B6-4DE5-BE07-1635AE550121}.Release|Any CPU.ActiveCfg = Release|Any CPU
		{911936A8-F6B6-4DE5-BE07-1635AE550121}.Release|Any CPU.Build.0 = Release|Any CPU
		{9AB812A6-93BE-42B4-A7C1-F97B0144D918}.Debug|Any CPU.ActiveCfg = Debug|Any CPU
		{9AB812A6-93BE-42B4-A7C1-F97B0144D918}.Debug|Any CPU.Build.0 = Debug|Any CPU
		{9AB812A6-93BE-42B4-A7C1-F97B0144D918}.Release|Any CPU.ActiveCfg = Release|Any CPU
		{9AB812A6-93BE-42B4-A7C1-F97B0144D918}.Release|Any CPU.Build.0 = Release|Any CPU
		{99DAFFB3-9C0F-4D33-B0BF-0016AF5858A7}.Debug|Any CPU.ActiveCfg = Debug|Any CPU
		{99DAFFB3-9C0F-4D33-B0BF-0016AF5858A7}.Debug|Any CPU.Build.0 = Debug|Any CPU
		{99DAFFB3-9C0F-4D33-B0BF-0016AF5858A7}.Release|Any CPU.ActiveCfg = Release|Any CPU
		{99DAFFB3-9C0F-4D33-B0BF-0016AF5858A7}.Release|Any CPU.Build.0 = Release|Any CPU
		{79A537EE-7CAA-4ED8-B441-E1043F63DDE7}.Debug|Any CPU.ActiveCfg = Debug|Any CPU
		{79A537EE-7CAA-4ED8-B441-E1043F63DDE7}.Debug|Any CPU.Build.0 = Debug|Any CPU
		{79A537EE-7CAA-4ED8-B441-E1043F63DDE7}.Release|Any CPU.ActiveCfg = Release|Any CPU
		{79A537EE-7CAA-4ED8-B441-E1043F63DDE7}.Release|Any CPU.Build.0 = Release|Any CPU
		{233BCF9A-F505-4B6F-8EF6-E4F553A5DE28}.Debug|Any CPU.ActiveCfg = Debug|Any CPU
		{233BCF9A-F505-4B6F-8EF6-E4F553A5DE28}.Debug|Any CPU.Build.0 = Debug|Any CPU
		{233BCF9A-F505-4B6F-8EF6-E4F553A5DE28}.Release|Any CPU.ActiveCfg = Release|Any CPU
		{233BCF9A-F505-4B6F-8EF6-E4F553A5DE28}.Release|Any CPU.Build.0 = Release|Any CPU
		{94EC5C1A-22E5-410B-9E5D-61ACCA19348F}.Debug|Any CPU.ActiveCfg = Debug|Any CPU
		{94EC5C1A-22E5-410B-9E5D-61ACCA19348F}.Debug|Any CPU.Build.0 = Debug|Any CPU
		{94EC5C1A-22E5-410B-9E5D-61ACCA19348F}.Release|Any CPU.ActiveCfg = Release|Any CPU
		{94EC5C1A-22E5-410B-9E5D-61ACCA19348F}.Release|Any CPU.Build.0 = Release|Any CPU
		{73F18215-757C-468E-93B6-A22F422F91BC}.Debug|Any CPU.ActiveCfg = Debug|Any CPU
		{73F18215-757C-468E-93B6-A22F422F91BC}.Debug|Any CPU.Build.0 = Debug|Any CPU
		{73F18215-757C-468E-93B6-A22F422F91BC}.Release|Any CPU.ActiveCfg = Release|Any CPU
		{73F18215-757C-468E-93B6-A22F422F91BC}.Release|Any CPU.Build.0 = Release|Any CPU
		{D401BDEF-2CC0-46ED-A5AD-EAC67476B916}.Debug|Any CPU.ActiveCfg = Debug|Any CPU
		{D401BDEF-2CC0-46ED-A5AD-EAC67476B916}.Debug|Any CPU.Build.0 = Debug|Any CPU
		{D401BDEF-2CC0-46ED-A5AD-EAC67476B916}.Release|Any CPU.ActiveCfg = Release|Any CPU
		{D401BDEF-2CC0-46ED-A5AD-EAC67476B916}.Release|Any CPU.Build.0 = Release|Any CPU
		{38BEC1E8-1FEE-4D6B-98A6-544A7177B1D9}.Debug|Any CPU.ActiveCfg = Debug|Any CPU
		{38BEC1E8-1FEE-4D6B-98A6-544A7177B1D9}.Debug|Any CPU.Build.0 = Debug|Any CPU
		{38BEC1E8-1FEE-4D6B-98A6-544A7177B1D9}.Release|Any CPU.ActiveCfg = Release|Any CPU
		{38BEC1E8-1FEE-4D6B-98A6-544A7177B1D9}.Release|Any CPU.Build.0 = Release|Any CPU
	EndGlobalSection
	GlobalSection(SolutionProperties) = preSolution
		HideSolutionNode = FALSE
	EndGlobalSection
	GlobalSection(NestedProjects) = preSolution
		{9AB812A6-93BE-42B4-A7C1-F97B0144D918} = {2E05DA95-AAFC-4BB2-A480-80C13E790A12}
		{99DAFFB3-9C0F-4D33-B0BF-0016AF5858A7} = {2E05DA95-AAFC-4BB2-A480-80C13E790A12}
		{79A537EE-7CAA-4ED8-B441-E1043F63DDE7} = {2E05DA95-AAFC-4BB2-A480-80C13E790A12}
		{38BEC1E8-1FEE-4D6B-98A6-544A7177B1D9} = {2F92237F-505B-4FDD-BBF9-B3E103019A34}
	EndGlobalSection
	GlobalSection(ExtensibilityGlobals) = postSolution
		SolutionGuid = {193BCC1E-0BF5-4C69-94F8-F44E8B03BF89}
	EndGlobalSection
EndGlobal
